
Microsoft Visual Studio Solution File, Format Version 12.00
# Visual Studio Version 16
VisualStudioVersion = 16.0.29230.47
MinimumVisualStudioVersion = 10.0.40219.1
Project("{FAE04EC0-301F-11D3-BF4B-00C04F79EFBC}") = "FileManager", "FileManager\FileManager.csproj", "{45D07207-D85E-4284-8179-76AFB1432911}"
EndProject
Global
	GlobalSection(SolutionConfigurationPlatforms) = preSolution
		Debug|Any CPU = Debug|Any CPU
		Release|Any CPU = Release|Any CPU
	EndGlobalSection
	GlobalSection(ProjectConfigurationPlatforms) = postSolution
		{45D07207-D85E-4284-8179-76AFB1432911}.Debug|Any CPU.ActiveCfg = Debug|Any CPU
		{45D07207-D85E-4284-8179-76AFB1432911}.Debug|Any CPU.Build.0 = Debug|Any CPU
		{45D07207-D85E-4284-8179-76AFB1432911}.Release|Any CPU.ActiveCfg = Release|Any CPU
		{45D07207-D85E-4284-8179-76AFB1432911}.Release|Any CPU.Build.0 = Release|Any CPU
	EndGlobalSection
	GlobalSection(SolutionProperties) = preSolution
		HideSolutionNode = FALSE
	EndGlobalSection
	GlobalSection(ExtensibilityGlobals) = postSolution
		SolutionGuid = {AE982B64-07C9-4173-8F4A-FAB22DF0C396}
	EndGlobalSection
EndGlobal
